Microsoft Visual Studio Solution File, Format Version 12.00
# Visual Studio Version 17
VisualStudioVersion = 17.5.2.0
MinimumVisualStudioVersion = 10.0.40219.1
Project("{FAE04EC0-301F-11D3-BF4B-00C04F79EFBC}") = "FoodDeliveryApi", "FoodDeliveryApi\FoodDeliveryApi.csproj", "{9551084B-388E-6A51-1E91-F3C283BA5E05}"
EndProject
Global
	GlobalSection(SolutionConfigurationPlatforms) = preSolution
		Debug|Any CPU = Debug|Any CPU
		Release|Any CPU = Release|Any CPU
	EndGlobalSection
	GlobalSection(ProjectConfigurationPlatforms) = postSolution
		{9551084B-388E-6A51-1E91-F3C283BA5E05}.Debug|Any CPU.ActiveCfg = Debug|Any CPU
		{9551084B-388E-6A51-1E91-F3C283BA5E05}.Debug|Any CPU.Build.0 = Debug|Any CPU
		{9551084B-388E-6A51-1E91-F3C283BA5E05}.Release|Any CPU.ActiveCfg = Release|Any CPU
		{9551084B-388E-6A51-1E91-F3C283BA5E05}.Release|Any CPU.Build.0 = Release|Any CPU
	EndGlobalSection
	GlobalSection(SolutionProperties) = preSolution
		HideSolutionNode = FALSE
	EndGlobalSection
	GlobalSection(ExtensibilityGlobals) = postSolution
		SolutionGuid = {04134EA9-7C37-453D-A780-CDD93BCCFBE3}
	EndGlobalSection
EndGlobal
